
Microsoft Visual Studio Solution File, Format Version 12.00
# Visual Studio Version 16
VisualStudioVersion = 16.0.32126.315
MinimumVisualStudioVersion = 10.0.40219.1
Project("{FAE04EC0-301F-11D3-BF4B-00C04F79EFBC}") = "CysmicEngine", "CysmicEngine.csproj", "{ECAB9B50-811D-4063-B5DD-633B70F68534}"
EndProject
Project("{2150E333-8FDC-42A3-9474-1A3956D46DE8}") = "Solution Items", "Solution Items", "{C3B4D63E-CDC1-4F7B-9123-3AC91079F093}"
	ProjectSection(SolutionItems) = preProject
		.editorconfig = .editorconfig
	EndProjectSection
EndProject
Global
	GlobalSection(SolutionConfigurationPlatforms) = preSolution
		Debug|Any CPU = Debug|Any CPU
		Release|Any CPU = Release|Any CPU
	EndGlobalSection
	GlobalSection(ProjectConfigurationPlatforms) = postSolution
		{ECAB9B50-811D-4063-B5DD-633B70F68534}.Debug|Any CPU.ActiveCfg = Debug|Any CPU
		{ECAB9B50-811D-4063-B5DD-633B70F68534}.Debug|Any CPU.Build.0 = Debug|Any CPU
		{ECAB9B50-811D-4063-B5DD-633B70F68534}.Release|Any CPU.ActiveCfg = Release|Any CPU
		{ECAB9B50-811D-4063-B5DD-633B70F68534}.Release|Any CPU.Build.0 = Release|Any CPU
	EndGlobalSection
	GlobalSection(SolutionProperties) = preSolution
		HideSolutionNode = FALSE
	EndGlobalSection
	GlobalSection(ExtensibilityGlobals) = postSolution
		SolutionGuid = {619498D1-6D24-4DBC-A166-4E91C17B35F8}
	EndGlobalSection
EndGlobal
